// !$*UTF8*$!
{
	archiveVersion = 1;
	classes = {
	};
	objectVersion = 56;
	objects = {

/* Begin PBXBuildFile section */
		111897362AF91996005FB9B5 /* RickAndMortyApp.swift in Sources */ = {isa = PBXBuildFile; fileRef = 111897352AF91996005FB9B5 /* RickAndMortyApp.swift */; };
		111897382AF91996005FB9B5 /* RickAndMortyView.swift in Sources */ = {isa = PBXBuildFile; fileRef = 111897372AF91996005FB9B5 /* RickAndMortyView.swift */; };
		1118973A2AF91996005FB9B5 /* Assets.xcassets in Resources */ = {isa = PBXBuildFile; fileRef = 111897392AF91996005FB9B5 /* Assets.xcassets */; };
		1118973D2AF91996005FB9B5 /* Preview Assets.xcassets in Resources */ = {isa = PBXBuildFile; fileRef = 1118973C2AF91996005FB9B5 /* Preview Assets.xcassets */; };
		111897452AF919D2005FB9B5 /* RequestError.swift in Sources */ = {isa = PBXBuildFile; fileRef = 111897442AF919D2005FB9B5 /* RequestError.swift */; };
		111897482AF91A09005FB9B5 /* RequestMethod.swift in Sources */ = {isa = PBXBuildFile; fileRef = 111897472AF91A09005FB9B5 /* RequestMethod.swift */; };
		1118974A2AF91A15005FB9B5 /* Endpoint.swift in Sources */ = {isa = PBXBuildFile; fileRef = 111897492AF91A15005FB9B5 /* Endpoint.swift */; };
		1118974C2AF91D60005FB9B5 /* HTTPClient.swift in Sources */ = {isa = PBXBuildFile; fileRef = 1118974B2AF91D60005FB9B5 /* HTTPClient.swift */; };
		1118974F2AF9230D005FB9B5 /* RickAndMortyEndpoint.swift in Sources */ = {isa = PBXBuildFile; fileRef = 1118974E2AF9230D005FB9B5 /* RickAndMortyEndpoint.swift */; };
		113E82522AFA5BF5007AEEA8 /* SDWebImageSwiftUI in Frameworks */ = {isa = PBXBuildFile; productRef = 113E82512AFA5BF5007AEEA8 /* SDWebImageSwiftUI */; };
		113E82542AFA81C7007AEEA8 /* RickAndMortyDetailView.swift in Sources */ = {isa = PBXBuildFile; fileRef = 113E82532AFA81C7007AEEA8 /* RickAndMortyDetailView.swift */; };
		116931A42AFA27F3004ABF10 /* RickAndMortyModel.swift in Sources */ = {isa = PBXBuildFile; fileRef = 116931A32AFA27F3004ABF10 /* RickAndMortyModel.swift */; };
		116931A62AFA288D004ABF10 /* RickAndMortyViewModel.swift in Sources */ = {isa = PBXBuildFile; fileRef = 116931A52AFA288D004ABF10 /* RickAndMortyViewModel.swift */; };
		11B5049D2AFCFD0B00C30CA6 /* CharacterCell.swift in Sources */ = {isa = PBXBuildFile; fileRef = 11B5049C2AFCFD0B00C30CA6 /* CharacterCell.swift */; };
/* End PBXBuildFile section */

/* Begin PBXFileReference section */
		111897322AF91996005FB9B5 /* RickAndMorty.app */ = {isa = PBXFileReference; explicitFileType = wrapper.application; includeInIndex = 0; path = RickAndMorty.app; sourceTree = BUILT_PRODUCTS_DIR; };
		111897352AF91996005FB9B5 /* RickAndMortyApp.swift */ = {isa = PBXFileReference; lastKnownFileType = sourcecode.swift; path = RickAndMortyApp.swift; sourceTree = "<group>"; };
		111897372AF91996005FB9B5 /* RickAndMortyView.swift */ = {isa = PBXFileReference; lastKnownFileType = sourcecode.swift; path = RickAndMortyView.swift; sourceTree = "<group>"; };
		111897392AF91996005FB9B5 /* Assets.xcassets */ = {isa = PBXFileReference; lastKnownFileType = folder.assetcatalog; path = Assets.xcassets; sourceTree = "<group>"; };
		1118973C2AF91996005FB9B5 /* Preview Assets.xcassets */ = {isa = PBXFileReference; lastKnownFileType = folder.assetcatalog; path = "Preview Assets.xcassets"; sourceTree = "<group>"; };
		111897442AF919D2005FB9B5 /* RequestError.swift */ = {isa = PBXFileReference; lastKnownFileType = sourcecode.swift; path = RequestError.swift; sourceTree = "<group>"; };
		111897472AF91A09005FB9B5 /* RequestMethod.swift */ = {isa = PBXFileReference; lastKnownFileType = sourcecode.swift; path = RequestMethod.swift; sourceTree = "<group>"; };
		111897492AF91A15005FB9B5 /* Endpoint.swift */ = {isa = PBXFileReference; lastKnownFileType = sourcecode.swift; path = Endpoint.swift; sourceTree = "<group>"; };
		1118974B2AF91D60005FB9B5 /* HTTPClient.swift */ = {isa = PBXFileReference; lastKnownFileType = sourcecode.swift; path = HTTPClient.swift; sourceTree = "<group>"; };
		1118974E2AF9230D005FB9B5 /* RickAndMortyEndpoint.swift */ = {isa = PBXFileReference; lastKnownFileType = sourcecode.swift; path = RickAndMortyEndpoint.swift; sourceTree = "<group>"; };
		113E82532AFA81C7007AEEA8 /* RickAndMortyDetailView.swift */ = {isa = PBXFileReference; lastKnownFileType = sourcecode.swift; path = RickAndMortyDetailView.swift; sourceTree = "<group>"; };
		116931A32AFA27F3004ABF10 /* RickAndMortyModel.swift */ = {isa = PBXFileReference; lastKnownFileType = sourcecode.swift; path = RickAndMortyModel.swift; sourceTree = "<group>"; };
		116931A52AFA288D004ABF10 /* RickAndMortyViewModel.swift */ = {isa = PBXFileReference; lastKnownFileType = sourcecode.swift; path = RickAndMortyViewModel.swift; sourceTree = "<group>"; };
		11B5049C2AFCFD0B00C30CA6 /* CharacterCell.swift */ = {isa = PBXFileReference; lastKnownFileType = sourcecode.swift; path = CharacterCell.swift; sourceTree = "<group>"; };
/* End PBXFileReference section */

/* Begin PBXFrameworksBuildPhase section */
		1118972F2AF91996005FB9B5 /* Frameworks */ = {
			isa = PBXFrameworksBuildPhase;
			buildActionMask = 2147483647;
			files = (
				113E82522AFA5BF5007AEEA8 /* SDWebImageSwiftUI in Frameworks */,
			);
			runOnlyForDeploymentPostprocessing = 0;
		};
/* End PBXFrameworksBuildPhase section */

/* Begin PBXGroup section */
		111897292AF91996005FB9B5 = {
			isa = PBXGroup;
			children = (
				111897342AF91996005FB9B5 /* RickAndMorty */,
				111897332AF91996005FB9B5 /* Products */,
			);
			sourceTree = "<group>";
		};
		111897332AF91996005FB9B5 /* Products */ = {
			isa = PBXGroup;
			children = (
				111897322AF91996005FB9B5 /* RickAndMorty.app */,
			);
			name = Products;
			sourceTree = "<group>";
		};
		111897342AF91996005FB9B5 /* RickAndMorty */ = {
			isa = PBXGroup;
			children = (
				111897432AF919C3005FB9B5 /* API */,
				11B5049E2AFCFEA500C30CA6 /* RickAndMortyHome */,
				113E82552AFA81DA007AEEA8 /* RickAndMortyDetail */,
				111897352AF91996005FB9B5 /* RickAndMortyApp.swift */,
				111897392AF91996005FB9B5 /* Assets.xcassets */,
				1118973B2AF91996005FB9B5 /* Preview Content */,
			);
			path = RickAndMorty;
			sourceTree = "<group>";
		};
		1118973B2AF91996005FB9B5 /* Preview Content */ = {
			isa = PBXGroup;
			children = (
				1118973C2AF91996005FB9B5 /* Preview Assets.xcassets */,
			);
			path = "Preview Content";
			sourceTree = "<group>";
		};
		111897432AF919C3005FB9B5 /* API */ = {
			isa = PBXGroup;
			children = (
				111897462AF919F8005FB9B5 /* Base */,
				1118974D2AF922F2005FB9B5 /* Endpoints */,
			);
			path = API;
			sourceTree = "<group>";
		};
		111897462AF919F8005FB9B5 /* Base */ = {
			isa = PBXGroup;
			children = (
				111897442AF919D2005FB9B5 /* RequestError.swift */,
				111897472AF91A09005FB9B5 /* RequestMethod.swift */,
				111897492AF91A15005FB9B5 /* Endpoint.swift */,
				1118974B2AF91D60005FB9B5 /* HTTPClient.swift */,
			);
			path = Base;
			sourceTree = "<group>";
		};
		1118974D2AF922F2005FB9B5 /* Endpoints */ = {
			isa = PBXGroup;
			children = (
				1118974E2AF9230D005FB9B5 /* RickAndMortyEndpoint.swift */,
			);
			path = Endpoints;
			sourceTree = "<group>";
		};
		113E82552AFA81DA007AEEA8 /* RickAndMortyDetail */ = {
			isa = PBXGroup;
			children = (
				113E82532AFA81C7007AEEA8 /* RickAndMortyDetailView.swift */,
			);
			path = RickAndMortyDetail;
			sourceTree = "<group>";
		};
		11B5049B2AFCFCE400C30CA6 /* View */ = {
			isa = PBXGroup;
			children = (
				11B5049C2AFCFD0B00C30CA6 /* CharacterCell.swift */,
			);
			path = View;
			sourceTree = "<group>";
		};
		11B5049E2AFCFEA500C30CA6 /* RickAndMortyHome */ = {
			isa = PBXGroup;
			children = (
				11B5049B2AFCFCE400C30CA6 /* View */,
				111897372AF91996005FB9B5 /* RickAndMortyView.swift */,
				116931A52AFA288D004ABF10 /* RickAndMortyViewModel.swift */,
				116931A32AFA27F3004ABF10 /* RickAndMortyModel.swift */,
			);
			path = RickAndMortyHome;
			sourceTree = "<group>";
		};
/* End PBXGroup section */

/* Begin PBXNativeTarget section */
		111897312AF91996005FB9B5 /* RickAndMorty */ = {
			isa = PBXNativeTarget;
			buildConfigurationList = 111897402AF91996005FB9B5 /* Build configuration list for PBXNativeTarget "RickAndMorty" */;
			buildPhases = (
				1118972E2AF91996005FB9B5 /* Sources */,
				1118972F2AF91996005FB9B5 /* Frameworks */,
				111897302AF91996005FB9B5 /* Resources */,
			);
			buildRules = (
			);
			dependencies = (
			);
			name = RickAndMorty;
			packageProductDependencies = (
				113E82512AFA5BF5007AEEA8 /* SDWebImageSwiftUI */,
			);
			productName = RickAndMorty;
			productReference = 111897322AF91996005FB9B5 /* RickAndMorty.app */;
			productType = "com.apple.product-type.application";
		};
/* End PBXNativeTarget section */

/* Begin PBXProject section */
		1118972A2AF91996005FB9B5 /* Project object */ = {
			isa = PBXProject;
			attributes = {
				BuildIndependentTargetsInParallel = 1;
				LastSwiftUpdateCheck = 1430;
				LastUpgradeCheck = 1430;
				TargetAttributes = {
					111897312AF91996005FB9B5 = {
						CreatedOnToolsVersion = 14.3;
					};
				};
			};
			buildConfigurationList = 1118972D2AF91996005FB9B5 /* Build configuration list for PBXProject "RickAndMorty" */;
			compatibilityVersion = "Xcode 14.0";
			developmentRegion = en;
			hasScannedForEncodings = 0;
			knownRegions = (
				en,
				Base,
			);
			mainGroup = 111897292AF91996005FB9B5;
			packageReferences = (
				113E82502AFA5BF5007AEEA8 /* XCRemoteSwiftPackageReference "SDWebImageSwiftUI" */,
			);
			productRefGroup = 111897332AF91996005FB9B5 /* Products */;
			projectDirPath = "";
			projectRoot = "";
			targets = (
				111897312AF91996005FB9B5 /* RickAndMorty */,
			);
		};
/* End PBXProject section */

/* Begin PBXResourcesBuildPhase section */
		111897302AF91996005FB9B5 /* Resources */ = {
			isa = PBXResourcesBuildPhase;
			buildActionMask = 2147483647;
			files = (
				1118973D2AF91996005FB9B5 /* Preview Assets.xcassets in Resources */,
				1118973A2AF91996005FB9B5 /* Assets.xcassets in Resources */,
			);
			runOnlyForDeploymentPostprocessing = 0;
		};
/* End PBXResourcesBuildPhase section */

/* Begin PBXSourcesBuildPhase section */
		1118972E2AF91996005FB9B5 /* Sources */ = {
			isa = PBXSourcesBuildPhase;
			buildActionMask = 2147483647;
			files = (
				111897482AF91A09005FB9B5 /* RequestMethod.swift in Sources */,
				1118974F2AF9230D005FB9B5 /* RickAndMortyEndpoint.swift in Sources */,
				116931A42AFA27F3004ABF10 /* RickAndMortyModel.swift in Sources */,
				11B5049D2AFCFD0B00C30CA6 /* CharacterCell.swift in Sources */,
				111897382AF91996005FB9B5 /* RickAndMortyView.swift in Sources */,
				1118974C2AF91D60005FB9B5 /* HTTPClient.swift in Sources */,
				116931A62AFA288D004ABF10 /* RickAndMortyViewModel.swift in Sources */,
				111897362AF91996005FB9B5 /* RickAndMortyApp.swift in Sources */,
				111897452AF919D2005FB9B5 /* RequestError.swift in Sources */,
				1118974A2AF91A15005FB9B5 /* Endpoint.swift in Sources */,
				113E82542AFA81C7007AEEA8 /* RickAndMortyDetailView.swift in Sources */,
			);
			runOnlyForDeploymentPostprocessing = 0;
		};
/* End PBXSourcesBuildPhase section */

/* Begin XCBuildConfiguration section */
		1118973E2AF91996005FB9B5 /* Debug */ = {
			isa = XCBuildConfiguration;
			buildSettings = {
				ALWAYS_SEARCH_USER_PATHS = NO;
				CLANG_ANALYZER_NONNULL = YES;
				CLANG_ANALYZER_NUMBER_OBJECT_CONVERSION = YES_AGGRESSIVE;
				CLANG_CXX_LANGUAGE_STANDARD = "gnu++20";
				CLANG_ENABLE_MODULES = YES;
				CLANG_ENABLE_OBJC_ARC = YES;
				CLANG_ENABLE_OBJC_WEAK = YES;
				CLANG_WARN_BLOCK_CAPTURE_AUTORELEASING = YES;
				CLANG_WARN_BOOL_CONVERSION = YES;
				CLANG_WARN_COMMA = YES;
				CLANG_WARN_CONSTANT_CONVERSION = YES;
				CLANG_WARN_DEPRECATED_OBJC_IMPLEMENTATIONS = YES;
				CLANG_WARN_DIRECT_OBJC_ISA_USAGE = YES_ERROR;
				CLANG_WARN_DOCUMENTATION_COMMENTS = YES;
				CLANG_WARN_EMPTY_BODY = YES;
				CLANG_WARN_ENUM_CONVERSION = YES;
				CLANG_WARN_INFINITE_RECURSION = YES;
				CLANG_WARN_INT_CONVERSION = YES;
				CLANG_WARN_NON_LITERAL_NULL_CONVERSION = YES;
				CLANG_WARN_OBJC_IMPLICIT_RETAIN_SELF = YES;
				CLANG_WARN_OBJC_LITERAL_CONVERSION = YES;
				CLANG_WARN_OBJC_ROOT_CLASS = YES_ERROR;
				CLANG_WARN_QUOTED_INCLUDE_IN_FRAMEWORK_HEADER = YES;
				CLANG_WARN_RANGE_LOOP_ANALYSIS = YES;
				CLANG_WARN_STRICT_PROTOTYPES = YES;
				CLANG_WARN_SUSPICIOUS_MOVE = YES;
				CLANG_WARN_UNGUARDED_AVAILABILITY = YES_AGGRESSIVE;
				CLANG_WARN_UNREACHABLE_CODE = YES;
				CLANG_WARN__DUPLICATE_METHOD_MATCH = YES;
				COPY_PHASE_STRIP = NO;
				DEBUG_INFORMATION_FORMAT = dwarf;
				ENABLE_STRICT_OBJC_MSGSEND = YES;
				ENABLE_TESTABILITY = YES;
				GCC_C_LANGUAGE_STANDARD = gnu11;
				GCC_DYNAMIC_NO_PIC = NO;
				GCC_NO_COMMON_BLOCKS = YES;
				GCC_OPTIMIZATION_LEVEL = 0;
				GCC_PREPROCESSOR_DEFINITIONS = (
					"DEBUG=1",
					"$(inherited)",
				);
				GCC_WARN_64_TO_32_BIT_CONVERSION = YES;
				GCC_WARN_ABOUT_RETURN_TYPE = YES_ERROR;
				GCC_WARN_UNDECLARED_SELECTOR = YES;
				GCC_WARN_UNINITIALIZED_AUTOS = YES_AGGRESSIVE;
				GCC_WARN_UNUSED_FUNCTION = YES;
				GCC_WARN_UNUSED_VARIABLE = YES;
				IPHONEOS_DEPLOYMENT_TARGET = 16.4;
				MTL_ENABLE_DEBUG_INFO = INCLUDE_SOURCE;
				MTL_FAST_MATH = YES;
				ONLY_ACTIVE_ARCH = YES;
				SDKROOT = iphoneos;
				SWIFT_ACTIVE_COMPILATION_CONDITIONS = DEBUG;
				SWIFT_OPTIMIZATION_LEVEL = "-Onone";
			};
			name = Debug;
		};
		1118973F2AF91996005FB9B5 /* Release */ = {
			isa = XCBuildConfiguration;
			buildSettings = {
				ALWAYS_SEARCH_USER_PATHS = NO;
				CLANG_ANALYZER_NONNULL = YES;
				CLANG_ANALYZER_NUMBER_OBJECT_CONVERSION = YES_AGGRESSIVE;
				CLANG_CXX_LANGUAGE_STANDARD = "gnu++20";
				CLANG_ENABLE_MODULES = YES;
				CLANG_ENABLE_OBJC_ARC = YES;
				CLANG_ENABLE_OBJC_WEAK = YES;
				CLANG_WARN_BLOCK_CAPTURE_AUTORELEASING = YES;
				CLANG_WARN_BOOL_CONVERSION = YES;
				CLANG_WARN_COMMA = YES;
				CLANG_WARN_CONSTANT_CONVERSION = YES;
				CLANG_WARN_DEPRECATED_OBJC_IMPLEMENTATIONS = YES;
				CLANG_WARN_DIRECT_OBJC_ISA_USAGE = YES_ERROR;
				CLANG_WARN_DOCUMENTATION_COMMENTS = YES;
				CLANG_WARN_EMPTY_BODY = YES;
				CLANG_WARN_ENUM_CONVERSION = YES;
				CLANG_WARN_INFINITE_RECURSION = YES;
				CLANG_WARN_INT_CONVERSION = YES;
				CLANG_WARN_NON_LITERAL_NULL_CONVERSION = YES;
				CLANG_WARN_OBJC_IMPLICIT_RETAIN_SELF = YES;
				CLANG_WARN_OBJC_LITERAL_CONVERSION = YES;
				CLANG_WARN_OBJC_ROOT_CLASS = YES_ERROR;
				CLANG_WARN_QUOTED_INCLUDE_IN_FRAMEWORK_HEADER = YES;
				CLANG_WARN_RANGE_LOOP_ANALYSIS = YES;
				CLANG_WARN_STRICT_PROTOTYPES = YES;
				CLANG_WARN_SUSPICIOUS_MOVE = YES;
				CLANG_WARN_UNGUARDED_AVAILABILITY = YES_AGGRESSIVE;
				CLANG_WARN_UNREACHABLE_CODE = YES;
				CLANG_WARN__DUPLICATE_METHOD_MATCH = YES;
				COPY_PHASE_STRIP = NO;
				DEBUG_INFORMATION_FORMAT = "dwarf-with-dsym";
				ENABLE_NS_ASSERTIONS = NO;
				ENABLE_STRICT_OBJC_MSGSEND = YES;
				GCC_C_LANGUAGE_STANDARD = gnu11;
				GCC_NO_COMMON_BLOCKS = YES;
				GCC_WARN_64_TO_32_BIT_CONVERSION = YES;
				GCC_WARN_ABOUT_RETURN_TYPE = YES_ERROR;
				GCC_WARN_UNDECLARED_SELECTOR = YES;
				GCC_WARN_UNINITIALIZED_AUTOS = YES_AGGRESSIVE;
				GCC_WARN_UNUSED_FUNCTION = YES;
				GCC_WARN_UNUSED_VARIABLE = YES;
				IPHONEOS_DEPLOYMENT_TARGET = 16.4;
				MTL_ENABLE_DEBUG_INFO = NO;
				MTL_FAST_MATH = YES;
				SDKROOT = iphoneos;
				SWIFT_COMPILATION_MODE = wholemodule;
				SWIFT_OPTIMIZATION_LEVEL = "-O";
				VALIDATE_PRODUCT = YES;
			};
			name = Release;
		};
		111897412AF91996005FB9B5 /* Debug */ = {
			isa = XCBuildConfiguration;
			buildSettings = {
				ASSETCATALOG_COMPILER_APPICON_NAME = AppIcon;
				ASSETCATALOG_COMPILER_GLOBAL_ACCENT_COLOR_NAME = AccentColor;
				CODE_SIGN_STYLE = Automatic;
				CURRENT_PROJECT_VERSION = 1;
				DEVELOPMENT_ASSET_PATHS = "\"RickAndMorty/Preview Content\"";
				DEVELOPMENT_TEAM = RL7J3WCV76;
				ENABLE_PREVIEWS = YES;
				GENERATE_INFOPLIST_FILE = YES;
				INFOPLIST_KEY_UIApplicationSceneManifest_Generation = YES;
				INFOPLIST_KEY_UIApplicationSupportsIndirectInputEvents = YES;
				INFOPLIST_KEY_UILaunchScreen_Generation = YES;
				INFOPLIST_KEY_UISupportedInterfaceOrientations_iPad = "UIInterfaceOrientationPortrait UIInterfaceOrientationPortraitUpsideDown UIInterfaceOrientationLandscapeLeft UIInterfaceOrientationLandscapeRight";
				INFOPLIST_KEY_UISupportedInterfaceOrientations_iPhone = "UIInterfaceOrientationPortrait UIInterfaceOrientationLandscapeLeft UIInterfaceOrientationLandscapeRight";
				LD_RUNPATH_SEARCH_PATHS = (
					"$(inherited)",
					"@executable_path/Frameworks",
				);
				MARKETING_VERSION = 1.0;
				PRODUCT_BUNDLE_IDENTIFIER = semihozsoy.RickAndMorty;
				PRODUCT_NAME = "$(TARGET_NAME)";
				SWIFT_EMIT_LOC_STRINGS = YES;
				SWIFT_VERSION = 5.0;
				TARGETED_DEVICE_FAMILY = "1,2";
			};
			name = Debug;
		};
		111897422AF91996005FB9B5 /* Release */ = {
			isa = XCBuildConfiguration;
			buildSettings = {
				ASSETCATALOG_COMPILER_APPICON_NAME = AppIcon;
				ASSETCATALOG_COMPILER_GLOBAL_ACCENT_COLOR_NAME = AccentColor;
				CODE_SIGN_STYLE = Automatic;
				CURRENT_PROJECT_VERSION = 1;
				DEVELOPMENT_ASSET_PATHS = "\"RickAndMorty/Preview Content\"";
				DEVELOPMENT_TEAM = RL7J3WCV76;
				ENABLE_PREVIEWS = YES;
				GENERATE_INFOPLIST_FILE = YES;
				INFOPLIST_KEY_UIApplicationSceneManifest_Generation = YES;
				INFOPLIST_KEY_UIApplicationSupportsIndirectInputEvents = YES;
				INFOPLIST_KEY_UILaunchScreen_Generation = YES;
				INFOPLIST_KEY_UISupportedInterfaceOrientations_iPad = "UIInterfaceOrientationPortrait UIInterfaceOrientationPortraitUpsideDown UIInterfaceOrientationLandscapeLeft UIInterfaceOrientationLandscapeRight";
				INFOPLIST_KEY_UISupportedInterfaceOrientations_iPhone = "UIInterfaceOrientationPortrait UIInterfaceOrientationLandscapeLeft UIInterfaceOrientationLandscapeRight";
				LD_RUNPATH_SEARCH_PATHS = (
					"$(inherited)",
					"@executable_path/Frameworks",
				);
				MARKETING_VERSION = 1.0;
				PRODUCT_BUNDLE_IDENTIFIER = semihozsoy.RickAndMorty;
				PRODUCT_NAME = "$(TARGET_NAME)";
				SWIFT_EMIT_LOC_STRINGS = YES;
				SWIFT_VERSION = 5.0;
				TARGETED_DEVICE_FAMILY = "1,2";
			};
			name = Release;
		};
/* End XCBuildConfiguration section */

/* Begin XCConfigurationList section */
		1118972D2AF91996005FB9B5 /* Build configuration list for PBXProject "RickAndMorty" */ = {
			isa = XCConfigurationList;
			buildConfigurations = (
				1118973E2AF91996005FB9B5 /* Debug */,
				1118973F2AF91996005FB9B5 /* Release */,
			);
			defaultConfigurationIsVisible = 0;
			defaultConfigurationName = Release;
		};
		111897402AF91996005FB9B5 /* Build configuration list for PBXNativeTarget "RickAndMorty" */ = {
			isa = XCConfigurationList;
			buildConfigurations = (
				111897412AF91996005FB9B5 /* Debug */,
				111897422AF91996005FB9B5 /* Release */,
			);
			defaultConfigurationIsVisible = 0;
			defaultConfigurationName = Release;
		};
/* End XCConfigurationList section */

/* Begin XCRemoteSwiftPackageReference section */
		113E82502AFA5BF5007AEEA8 /* XCRemoteSwiftPackageReference "SDWebImageSwiftUI" */ = {
			isa = XCRemoteSwiftPackageReference;
			repositoryURL = "https://github.com/SDWebImage/SDWebImageSwiftUI";
			requirement = {
				kind = upToNextMajorVersion;
				minimumVersion = 2.0.0;
			};
		};
/* End XCRemoteSwiftPackageReference section */

/* Begin XCSwiftPackageProductDependency section */
		113E82512AFA5BF5007AEEA8 /* SDWebImageSwiftUI */ = {
			isa = XCSwiftPackageProductDependency;
			package = 113E82502AFA5BF5007AEEA8 /* XCRemoteSwiftPackageReference "SDWebImageSwiftUI" */;
			productName = SDWebImageSwiftUI;
		};
/* End XCSwiftPackageProductDependency section */
	};
	rootObject = 1118972A2AF91996005FB9B5 /* Project object */;
}
